// !$*UTF8*$!
{
	archiveVersion = 1;
	classes = {
	};
	objectVersion = 51;
	objects = {

/* Begin PBXBuildFile section */
		184D2B81251125C2002D5135 /* AppDelegate.swift in Sources */ = {isa = PBXBuildFile; fileRef = 184D2B80251125C2002D5135 /* AppDelegate.swift */; };
		184D2B8A251125C6002D5135 /* Assets.xcassets in Resources */ = {isa = PBXBuildFile; fileRef = 184D2B89251125C6002D5135 /* Assets.xcassets */; };
		184D2B8D251125C6002D5135 /* LaunchScreen.storyboard in Resources */ = {isa = PBXBuildFile; fileRef = 184D2B8B251125C6002D5135 /* LaunchScreen.storyboard */; };
		184D2BB4251138E0002D5135 /* RootAssembly.swift in Sources */ = {isa = PBXBuildFile; fileRef = 184D2BB3251138E0002D5135 /* RootAssembly.swift */; };
		184D2BBA25113A74002D5135 /* PresentationAssembly.swift in Sources */ = {isa = PBXBuildFile; fileRef = 184D2BB925113A74002D5135 /* PresentationAssembly.swift */; };
		184D2BBD25113A8C002D5135 /* ServiceAssembly.swift in Sources */ = {isa = PBXBuildFile; fileRef = 184D2BBC25113A8C002D5135 /* ServiceAssembly.swift */; };
		184D2BBF25113A98002D5135 /* CoreAssembly.swift in Sources */ = {isa = PBXBuildFile; fileRef = 184D2BBE25113A98002D5135 /* CoreAssembly.swift */; };
		184D2BC425114ECD002D5135 /* Default-568h@2x.png in Resources */ = {isa = PBXBuildFile; fileRef = 184D2BC325114ECD002D5135 /* Default-568h@2x.png */; };
		184D2BC825117DA9002D5135 /* StartViewController.swift in Sources */ = {isa = PBXBuildFile; fileRef = 184D2BC725117DA9002D5135 /* StartViewController.swift */; };
		184D2BCA25117DB7002D5135 /* StartVCView.swift in Sources */ = {isa = PBXBuildFile; fileRef = 184D2BC925117DB7002D5135 /* StartVCView.swift */; };
		184D2BCC25117DD2002D5135 /* StartVCModel.swift in Sources */ = {isa = PBXBuildFile; fileRef = 184D2BCB25117DD2002D5135 /* StartVCModel.swift */; };
		68E2303C1AB1EA14ED4CBDD9 /* Pods_tChat.framework in Frameworks */ = {isa = PBXBuildFile; fileRef = 2C0DE827BEA9004600C950F1 /* Pods_tChat.framework */; };
/* End PBXBuildFile section */

/* Begin PBXContainerItemProxy section */
		184D2B94251125C6002D5135 /* PBXContainerItemProxy */ = {
			isa = PBXContainerItemProxy;
			containerPortal = 184D2B75251125C2002D5135 /* Project object */;
			proxyType = 1;
			remoteGlobalIDString = 184D2B7C251125C2002D5135;
			remoteInfo = tChat;
		};
		184D2B9F251125C6002D5135 /* PBXContainerItemProxy */ = {
			isa = PBXContainerItemProxy;
			containerPortal = 184D2B75251125C2002D5135 /* Project object */;
			proxyType = 1;
			remoteGlobalIDString = 184D2B7C251125C2002D5135;
			remoteInfo = tChat;
		};
/* End PBXContainerItemProxy section */

/* Begin PBXFileReference section */
		184D2B7D251125C2002D5135 /* tChat.app */ = {isa = PBXFileReference; explicitFileType = wrapper.application; includeInIndex = 0; path = tChat.app; sourceTree = BUILT_PRODUCTS_DIR; };
		184D2B80251125C2002D5135 /* AppDelegate.swift */ = {isa = PBXFileReference; lastKnownFileType = sourcecode.swift; path = AppDelegate.swift; sourceTree = "<group>"; };
		184D2B89251125C6002D5135 /* Assets.xcassets */ = {isa = PBXFileReference; lastKnownFileType = folder.assetcatalog; path = Assets.xcassets; sourceTree = "<group>"; };
		184D2B8C251125C6002D5135 /* Base */ = {isa = PBXFileReference; lastKnownFileType = file.storyboard; name = Base; path = Base.lproj/LaunchScreen.storyboard; sourceTree = "<group>"; };
		184D2B8E251125C6002D5135 /* Info.plist */ = {isa = PBXFileReference; lastKnownFileType = text.plist.xml; path = Info.plist; sourceTree = "<group>"; };
		184D2B93251125C6002D5135 /* tChatTests.xctest */ = {isa = PBXFileReference; explicitFileType = wrapper.cfbundle; includeInIndex = 0; path = tChatTests.xctest; sourceTree = BUILT_PRODUCTS_DIR; };
		184D2B9E251125C6002D5135 /* tChatUITests.xctest */ = {isa = PBXFileReference; explicitFileType = wrapper.cfbundle; includeInIndex = 0; path = tChatUITests.xctest; sourceTree = BUILT_PRODUCTS_DIR; };
		184D2BB3251138E0002D5135 /* RootAssembly.swift */ = {isa = PBXFileReference; lastKnownFileType = sourcecode.swift; path = RootAssembly.swift; sourceTree = "<group>"; };
		184D2BB925113A74002D5135 /* PresentationAssembly.swift */ = {isa = PBXFileReference; lastKnownFileType = sourcecode.swift; path = PresentationAssembly.swift; sourceTree = "<group>"; };
		184D2BBC25113A8C002D5135 /* ServiceAssembly.swift */ = {isa = PBXFileReference; lastKnownFileType = sourcecode.swift; path = ServiceAssembly.swift; sourceTree = "<group>"; };
		184D2BBE25113A98002D5135 /* CoreAssembly.swift */ = {isa = PBXFileReference; lastKnownFileType = sourcecode.swift; path = CoreAssembly.swift; sourceTree = "<group>"; };
		184D2BC325114ECD002D5135 /* Default-568h@2x.png */ = {isa = PBXFileReference; lastKnownFileType = image.png; path = "Default-568h@2x.png"; sourceTree = "<group>"; };
		184D2BC725117DA9002D5135 /* StartViewController.swift */ = {isa = PBXFileReference; lastKnownFileType = sourcecode.swift; path = StartViewController.swift; sourceTree = "<group>"; };
		184D2BC925117DB7002D5135 /* StartVCView.swift */ = {isa = PBXFileReference; lastKnownFileType = sourcecode.swift; path = StartVCView.swift; sourceTree = "<group>"; };
		184D2BCB25117DD2002D5135 /* StartVCModel.swift */ = {isa = PBXFileReference; lastKnownFileType = sourcecode.swift; path = StartVCModel.swift; sourceTree = "<group>"; };
		2C0DE827BEA9004600C950F1 /* Pods_tChat.framework */ = {isa = PBXFileReference; explicitFileType = wrapper.framework; includeInIndex = 0; path = Pods_tChat.framework; sourceTree = BUILT_PRODUCTS_DIR; };
		3787125199D789E1828A9340 /* Pods-tChat.release.xcconfig */ = {isa = PBXFileReference; includeInIndex = 1; lastKnownFileType = text.xcconfig; name = "Pods-tChat.release.xcconfig"; path = "Target Support Files/Pods-tChat/Pods-tChat.release.xcconfig"; sourceTree = "<group>"; };
		7FD74E56395A48BA455B0EB7 /* Pods-tChat.debug.xcconfig */ = {isa = PBXFileReference; includeInIndex = 1; lastKnownFileType = text.xcconfig; name = "Pods-tChat.debug.xcconfig"; path = "Target Support Files/Pods-tChat/Pods-tChat.debug.xcconfig"; sourceTree = "<group>"; };
/* End PBXFileReference section */

/* Begin PBXFrameworksBuildPhase section */
		184D2B7A251125C2002D5135 /* Frameworks */ = {
			isa = PBXFrameworksBuildPhase;
			buildActionMask = 2147483647;
			files = (
				68E2303C1AB1EA14ED4CBDD9 /* Pods_tChat.framework in Frameworks */,
			);
			runOnlyForDeploymentPostprocessing = 0;
		};
		184D2B90251125C6002D5135 /* Frameworks */ = {
			isa = PBXFrameworksBuildPhase;
			buildActionMask = 2147483647;
			files = (
			);
			runOnlyForDeploymentPostprocessing = 0;
		};
		184D2B9B251125C6002D5135 /* Frameworks */ = {
			isa = PBXFrameworksBuildPhase;
			buildActionMask = 2147483647;
			files = (
			);
			runOnlyForDeploymentPostprocessing = 0;
		};
/* End PBXFrameworksBuildPhase section */

/* Begin PBXGroup section */
		184D2B74251125C2002D5135 = {
			isa = PBXGroup;
			children = (
				184D2B7F251125C2002D5135 /* tChat */,
				184D2B7E251125C2002D5135 /* Products */,
				B28C4EFE762E1ADAA89A1BE5 /* Pods */,
				7D2945167651CBE15F8188B3 /* Frameworks */,
			);
			sourceTree = "<group>";
		};
		184D2B7E251125C2002D5135 /* Products */ = {
			isa = PBXGroup;
			children = (
				184D2B7D251125C2002D5135 /* tChat.app */,
				184D2B93251125C6002D5135 /* tChatTests.xctest */,
				184D2B9E251125C6002D5135 /* tChatUITests.xctest */,
			);
			name = Products;
			sourceTree = "<group>";
		};
		184D2B7F251125C2002D5135 /* tChat */ = {
			isa = PBXGroup;
			children = (
				184D2BB725113A39002D5135 /* PresentationLayer */,
				184D2BB625113A30002D5135 /* ServiceLayer */,
				184D2BB525113A25002D5135 /* CoreLayer */,
				184D2B80251125C2002D5135 /* AppDelegate.swift */,
				184D2BB3251138E0002D5135 /* RootAssembly.swift */,
				184D2BB025112917002D5135 /* Resources */,
			);
			path = tChat;
			sourceTree = "<group>";
		};
		184D2BB025112917002D5135 /* Resources */ = {
			isa = PBXGroup;
			children = (
				184D2B89251125C6002D5135 /* Assets.xcassets */,
				184D2B8E251125C6002D5135 /* Info.plist */,
				184D2B8B251125C6002D5135 /* LaunchScreen.storyboard */,
				184D2BC325114ECD002D5135 /* Default-568h@2x.png */,
			);
			path = Resources;
			sourceTree = "<group>";
		};
		184D2BB525113A25002D5135 /* CoreLayer */ = {
			isa = PBXGroup;
			children = (
				184D2BBE25113A98002D5135 /* CoreAssembly.swift */,
			);
			path = CoreLayer;
			sourceTree = "<group>";
		};
		184D2BB625113A30002D5135 /* ServiceLayer */ = {
			isa = PBXGroup;
			children = (
				184D2BBC25113A8C002D5135 /* ServiceAssembly.swift */,
			);
			path = ServiceLayer;
			sourceTree = "<group>";
		};
		184D2BB725113A39002D5135 /* PresentationLayer */ = {
			isa = PBXGroup;
			children = (
				184D2BB925113A74002D5135 /* PresentationAssembly.swift */,
				184D2BC025114694002D5135 /* Modules */,
			);
			path = PresentationLayer;
			sourceTree = "<group>";
		};
		184D2BC025114694002D5135 /* Modules */ = {
			isa = PBXGroup;
			children = (
				184D2BC525117D1E002D5135 /* StartViewController */,
			);
			path = Modules;
			sourceTree = "<group>";
		};
		184D2BC525117D1E002D5135 /* StartViewController */ = {
			isa = PBXGroup;
			children = (
				184D2BCB25117DD2002D5135 /* StartVCModel.swift */,
				184D2BC925117DB7002D5135 /* StartVCView.swift */,
				184D2BC725117DA9002D5135 /* StartViewController.swift */,
			);
			path = StartViewController;
			sourceTree = "<group>";
		};
		7D2945167651CBE15F8188B3 /* Frameworks */ = {
			isa = PBXGroup;
			children = (
				2C0DE827BEA9004600C950F1 /* Pods_tChat.framework */,
			);
			name = Frameworks;
			sourceTree = "<group>";
		};
		B28C4EFE762E1ADAA89A1BE5 /* Pods */ = {
			isa = PBXGroup;
			children = (
				7FD74E56395A48BA455B0EB7 /* Pods-tChat.debug.xcconfig */,
				3787125199D789E1828A9340 /* Pods-tChat.release.xcconfig */,
			);
			path = Pods;
			sourceTree = "<group>";
		};
/* End PBXGroup section */

/* Begin PBXNativeTarget section */
		184D2B7C251125C2002D5135 /* tChat */ = {
			isa = PBXNativeTarget;
			buildConfigurationList = 184D2BA7251125C6002D5135 /* Build configuration list for PBXNativeTarget "tChat" */;
			buildPhases = (
				53AA0D5744449D6EB5910DC2 /* [CP] Check Pods Manifest.lock */,
				184D2B79251125C2002D5135 /* Sources */,
				184D2B7A251125C2002D5135 /* Frameworks */,
				184D2B7B251125C2002D5135 /* Resources */,
				F2509E4979A4257F26533CD9 /* [CP] Embed Pods Frameworks */,
			);
			buildRules = (
			);
			dependencies = (
			);
			name = tChat;
			productName = tChat;
			productReference = 184D2B7D251125C2002D5135 /* tChat.app */;
			productType = "com.apple.product-type.application";
		};
		184D2B92251125C6002D5135 /* tChatTests */ = {
			isa = PBXNativeTarget;
			buildConfigurationList = 184D2BAA251125C6002D5135 /* Build configuration list for PBXNativeTarget "tChatTests" */;
			buildPhases = (
				184D2B8F251125C6002D5135 /* Sources */,
				184D2B90251125C6002D5135 /* Frameworks */,
				184D2B91251125C6002D5135 /* Resources */,
			);
			buildRules = (
			);
			dependencies = (
				184D2B95251125C6002D5135 /* PBXTargetDependency */,
			);
			name = tChatTests;
			productName = tChatTests;
			productReference = 184D2B93251125C6002D5135 /* tChatTests.xctest */;
			productType = "com.apple.product-type.bundle.unit-test";
		};
		184D2B9D251125C6002D5135 /* tChatUITests */ = {
			isa = PBXNativeTarget;
			buildConfigurationList = 184D2BAD251125C6002D5135 /* Build configuration list for PBXNativeTarget "tChatUITests" */;
			buildPhases = (
				184D2B9A251125C6002D5135 /* Sources */,
				184D2B9B251125C6002D5135 /* Frameworks */,
				184D2B9C251125C6002D5135 /* Resources */,
			);
			buildRules = (
			);
			dependencies = (
				184D2BA0251125C6002D5135 /* PBXTargetDependency */,
			);
			name = tChatUITests;
			productName = tChatUITests;
			productReference = 184D2B9E251125C6002D5135 /* tChatUITests.xctest */;
			productType = "com.apple.product-type.bundle.ui-testing";
		};
/* End PBXNativeTarget section */

/* Begin PBXProject section */
		184D2B75251125C2002D5135 /* Project object */ = {
			isa = PBXProject;
			attributes = {
				LastSwiftUpdateCheck = 1170;
				LastUpgradeCheck = 1170;
				ORGANIZATIONNAME = PentaBob;
				TargetAttributes = {
					184D2B7C251125C2002D5135 = {
						CreatedOnToolsVersion = 11.7;
					};
					184D2B92251125C6002D5135 = {
						CreatedOnToolsVersion = 11.7;
						TestTargetID = 184D2B7C251125C2002D5135;
					};
					184D2B9D251125C6002D5135 = {
						CreatedOnToolsVersion = 11.7;
						TestTargetID = 184D2B7C251125C2002D5135;
					};
				};
			};
			buildConfigurationList = 184D2B78251125C2002D5135 /* Build configuration list for PBXProject "tChat" */;
			compatibilityVersion = "Xcode 9.3";
			developmentRegion = en;
			hasScannedForEncodings = 0;
			knownRegions = (
				en,
				Base,
			);
			mainGroup = 184D2B74251125C2002D5135;
			productRefGroup = 184D2B7E251125C2002D5135 /* Products */;
			projectDirPath = "";
			projectRoot = "";
			targets = (
				184D2B7C251125C2002D5135 /* tChat */,
				184D2B92251125C6002D5135 /* tChatTests */,
				184D2B9D251125C6002D5135 /* tChatUITests */,
			);
		};
/* End PBXProject section */

/* Begin PBXResourcesBuildPhase section */
		184D2B7B251125C2002D5135 /* Resources */ = {
			isa = PBXResourcesBuildPhase;
			buildActionMask = 2147483647;
			files = (
				184D2B8D251125C6002D5135 /* LaunchScreen.storyboard in Resources */,
				184D2B8A251125C6002D5135 /* Assets.xcassets in Resources */,
				184D2BC425114ECD002D5135 /* Default-568h@2x.png in Resources */,
			);
			runOnlyForDeploymentPostprocessing = 0;
		};
		184D2B91251125C6002D5135 /* Resources */ = {
			isa = PBXResourcesBuildPhase;
			buildActionMask = 2147483647;
			files = (
			);
			runOnlyForDeploymentPostprocessing = 0;
		};
		184D2B9C251125C6002D5135 /* Resources */ = {
			isa = PBXResourcesBuildPhase;
			buildActionMask = 2147483647;
			files = (
			);
			runOnlyForDeploymentPostprocessing = 0;
		};
/* End PBXResourcesBuildPhase section */

/* Begin PBXShellScriptBuildPhase section */
		53AA0D5744449D6EB5910DC2 /* [CP] Check Pods Manifest.lock */ = {
			isa = PBXShellScriptBuildPhase;
			buildActionMask = 2147483647;
			files = (
			);
			inputFileListPaths = (
			);
			inputPaths = (
				"${PODS_PODFILE_DIR_PATH}/Podfile.lock",
				"${PODS_ROOT}/Manifest.lock",
			);
			name = "[CP] Check Pods Manifest.lock";
			outputFileListPaths = (
			);
			outputPaths = (
				"$(DERIVED_FILE_DIR)/Pods-tChat-checkManifestLockResult.txt",
			);
			runOnlyForDeploymentPostprocessing = 0;
			shellPath = /bin/sh;
			shellScript = "diff \"${PODS_PODFILE_DIR_PATH}/Podfile.lock\" \"${PODS_ROOT}/Manifest.lock\" > /dev/null\nif [ $? != 0 ] ; then\n    # print error to STDERR\n    echo \"error: The sandbox is not in sync with the Podfile.lock. Run 'pod install' or update your CocoaPods installation.\" >&2\n    exit 1\nfi\n# This output is used by Xcode 'outputs' to avoid re-running this script phase.\necho \"SUCCESS\" > \"${SCRIPT_OUTPUT_FILE_0}\"\n";
			showEnvVarsInLog = 0;
		};
		F2509E4979A4257F26533CD9 /* [CP] Embed Pods Frameworks */ = {
			isa = PBXShellScriptBuildPhase;
			buildActionMask = 2147483647;
			files = (
			);
			inputFileListPaths = (
				"${PODS_ROOT}/Target Support Files/Pods-tChat/Pods-tChat-frameworks-${CONFIGURATION}-input-files.xcfilelist",
			);
			name = "[CP] Embed Pods Frameworks";
			outputFileListPaths = (
				"${PODS_ROOT}/Target Support Files/Pods-tChat/Pods-tChat-frameworks-${CONFIGURATION}-output-files.xcfilelist",
			);
			runOnlyForDeploymentPostprocessing = 0;
			shellPath = /bin/sh;
			shellScript = "\"${PODS_ROOT}/Target Support Files/Pods-tChat/Pods-tChat-frameworks.sh\"\n";
			showEnvVarsInLog = 0;
		};
/* End PBXShellScriptBuildPhase section */

/* Begin PBXSourcesBuildPhase section */
		184D2B79251125C2002D5135 /* Sources */ = {
			isa = PBXSourcesBuildPhase;
			buildActionMask = 2147483647;
			files = (
				184D2BBF25113A98002D5135 /* CoreAssembly.swift in Sources */,
				184D2BBD25113A8C002D5135 /* ServiceAssembly.swift in Sources */,
				184D2BBA25113A74002D5135 /* PresentationAssembly.swift in Sources */,
				184D2BB4251138E0002D5135 /* RootAssembly.swift in Sources */,
				184D2BCA25117DB7002D5135 /* StartVCView.swift in Sources */,
				184D2BCC25117DD2002D5135 /* StartVCModel.swift in Sources */,
				184D2B81251125C2002D5135 /* AppDelegate.swift in Sources */,
				184D2BC825117DA9002D5135 /* StartViewController.swift in Sources */,
			);
			runOnlyForDeploymentPostprocessing = 0;
		};
		184D2B8F251125C6002D5135 /* Sources */ = {
			isa = PBXSourcesBuildPhase;
			buildActionMask = 2147483647;
			files = (
			);
			runOnlyForDeploymentPostprocessing = 0;
		};
		184D2B9A251125C6002D5135 /* Sources */ = {
			isa = PBXSourcesBuildPhase;
			buildActionMask = 2147483647;
			files = (
			);
			runOnlyForDeploymentPostprocessing = 0;
		};
/* End PBXSourcesBuildPhase section */

/* Begin PBXTargetDependency section */
		184D2B95251125C6002D5135 /* PBXTargetDependency */ = {
			isa = PBXTargetDependency;
			target = 184D2B7C251125C2002D5135 /* tChat */;
			targetProxy = 184D2B94251125C6002D5135 /* PBXContainerItemProxy */;
		};
		184D2BA0251125C6002D5135 /* PBXTargetDependency */ = {
			isa = PBXTargetDependency;
			target = 184D2B7C251125C2002D5135 /* tChat */;
			targetProxy = 184D2B9F251125C6002D5135 /* PBXContainerItemProxy */;
		};
/* End PBXTargetDependency section */

/* Begin PBXVariantGroup section */
		184D2B8B251125C6002D5135 /* LaunchScreen.storyboard */ = {
			isa = PBXVariantGroup;
			children = (
				184D2B8C251125C6002D5135 /* Base */,
			);
			name = LaunchScreen.storyboard;
			sourceTree = "<group>";
		};
/* End PBXVariantGroup section */

/* Begin XCBuildConfiguration section */
		184D2BA5251125C6002D5135 /* Debug */ = {
			isa = XCBuildConfiguration;
			buildSettings = {
				ALWAYS_SEARCH_USER_PATHS = NO;
				CLANG_ANALYZER_NONNULL = YES;
				CLANG_ANALYZER_NUMBER_OBJECT_CONVERSION = YES_AGGRESSIVE;
				CLANG_CXX_LANGUAGE_STANDARD = "gnu++14";
				CLANG_CXX_LIBRARY = "libc++";
				CLANG_ENABLE_MODULES = YES;
				CLANG_ENABLE_OBJC_ARC = YES;
				CLANG_ENABLE_OBJC_WEAK = YES;
				CLANG_WARN_BLOCK_CAPTURE_AUTORELEASING = YES;
				CLANG_WARN_BOOL_CONVERSION = YES;
				CLANG_WARN_COMMA = YES;
				CLANG_WARN_CONSTANT_CONVERSION = YES;
				CLANG_WARN_DEPRECATED_OBJC_IMPLEMENTATIONS = YES;
				CLANG_WARN_DIRECT_OBJC_ISA_USAGE = YES_ERROR;
				CLANG_WARN_DOCUMENTATION_COMMENTS = YES;
				CLANG_WARN_EMPTY_BODY = YES;
				CLANG_WARN_ENUM_CONVERSION = YES;
				CLANG_WARN_INFINITE_RECURSION = YES;
				CLANG_WARN_INT_CONVERSION = YES;
				CLANG_WARN_NON_LITERAL_NULL_CONVERSION = YES;
				CLANG_WARN_OBJC_IMPLICIT_RETAIN_SELF = YES;
				CLANG_WARN_OBJC_LITERAL_CONVERSION = YES;
				CLANG_WARN_OBJC_ROOT_CLASS = YES_ERROR;
				CLANG_WARN_RANGE_LOOP_ANALYSIS = YES;
				CLANG_WARN_STRICT_PROTOTYPES = YES;
				CLANG_WARN_SUSPICIOUS_MOVE = YES;
				CLANG_WARN_UNGUARDED_AVAILABILITY = YES_AGGRESSIVE;
				CLANG_WARN_UNREACHABLE_CODE = YES;
				CLANG_WARN__DUPLICATE_METHOD_MATCH = YES;
				COPY_PHASE_STRIP = NO;
				DEBUG_INFORMATION_FORMAT = dwarf;
				ENABLE_STRICT_OBJC_MSGSEND = YES;
				ENABLE_TESTABILITY = YES;
				GCC_C_LANGUAGE_STANDARD = gnu11;
				GCC_DYNAMIC_NO_PIC = NO;
				GCC_NO_COMMON_BLOCKS = YES;
				GCC_OPTIMIZATION_LEVEL = 0;
				GCC_PREPROCESSOR_DEFINITIONS = (
					"DEBUG=1",
					"$(inherited)",
				);
				GCC_WARN_64_TO_32_BIT_CONVERSION = YES;
				GCC_WARN_ABOUT_RETURN_TYPE = YES_ERROR;
				GCC_WARN_UNDECLARED_SELECTOR = YES;
				GCC_WARN_UNINITIALIZED_AUTOS = YES_AGGRESSIVE;
				GCC_WARN_UNUSED_FUNCTION = YES;
				GCC_WARN_UNUSED_VARIABLE = YES;
				IPHONEOS_DEPLOYMENT_TARGET = 13.7;
				MTL_ENABLE_DEBUG_INFO = INCLUDE_SOURCE;
				MTL_FAST_MATH = YES;
				ONLY_ACTIVE_ARCH = YES;
				SDKROOT = iphoneos;
				SWIFT_ACTIVE_COMPILATION_CONDITIONS = DEBUG;
				SWIFT_OPTIMIZATION_LEVEL = "-Onone";
			};
			name = Debug;
		};
		184D2BA6251125C6002D5135 /* Release */ = {
			isa = XCBuildConfiguration;
			buildSettings = {
				ALWAYS_SEARCH_USER_PATHS = NO;
				CLANG_ANALYZER_NONNULL = YES;
				CLANG_ANALYZER_NUMBER_OBJECT_CONVERSION = YES_AGGRESSIVE;
				CLANG_CXX_LANGUAGE_STANDARD = "gnu++14";
				CLANG_CXX_LIBRARY = "libc++";
				CLANG_ENABLE_MODULES = YES;
				CLANG_ENABLE_OBJC_ARC = YES;
				CLANG_ENABLE_OBJC_WEAK = YES;
				CLANG_WARN_BLOCK_CAPTURE_AUTORELEASING = YES;
				CLANG_WARN_BOOL_CONVERSION = YES;
				CLANG_WARN_COMMA = YES;
				CLANG_WARN_CONSTANT_CONVERSION = YES;
				CLANG_WARN_DEPRECATED_OBJC_IMPLEMENTATIONS = YES;
				CLANG_WARN_DIRECT_OBJC_ISA_USAGE = YES_ERROR;
				CLANG_WARN_DOCUMENTATION_COMMENTS = YES;
				CLANG_WARN_EMPTY_BODY = YES;
				CLANG_WARN_ENUM_CONVERSION = YES;
				CLANG_WARN_INFINITE_RECURSION = YES;
				CLANG_WARN_INT_CONVERSION = YES;
				CLANG_WARN_NON_LITERAL_NULL_CONVERSION = YES;
				CLANG_WARN_OBJC_IMPLICIT_RETAIN_SELF = YES;
				CLANG_WARN_OBJC_LITERAL_CONVERSION = YES;
				CLANG_WARN_OBJC_ROOT_CLASS = YES_ERROR;
				CLANG_WARN_RANGE_LOOP_ANALYSIS = YES;
				CLANG_WARN_STRICT_PROTOTYPES = YES;
				CLANG_WARN_SUSPICIOUS_MOVE = YES;
				CLANG_WARN_UNGUARDED_AVAILABILITY = YES_AGGRESSIVE;
				CLANG_WARN_UNREACHABLE_CODE = YES;
				CLANG_WARN__DUPLICATE_METHOD_MATCH = YES;
				COPY_PHASE_STRIP = NO;
				DEBUG_INFORMATION_FORMAT = "dwarf-with-dsym";
				ENABLE_NS_ASSERTIONS = NO;
				ENABLE_STRICT_OBJC_MSGSEND = YES;
				GCC_C_LANGUAGE_STANDARD = gnu11;
				GCC_NO_COMMON_BLOCKS = YES;
				GCC_WARN_64_TO_32_BIT_CONVERSION = YES;
				GCC_WARN_ABOUT_RETURN_TYPE = YES_ERROR;
				GCC_WARN_UNDECLARED_SELECTOR = YES;
				GCC_WARN_UNINITIALIZED_AUTOS = YES_AGGRESSIVE;
				GCC_WARN_UNUSED_FUNCTION = YES;
				GCC_WARN_UNUSED_VARIABLE = YES;
				IPHONEOS_DEPLOYMENT_TARGET = 13.7;
				MTL_ENABLE_DEBUG_INFO = NO;
				MTL_FAST_MATH = YES;
				SDKROOT = iphoneos;
				SWIFT_COMPILATION_MODE = wholemodule;
				SWIFT_OPTIMIZATION_LEVEL = "-O";
				VALIDATE_PRODUCT = YES;
			};
			name = Release;
		};
		184D2BA8251125C6002D5135 /* Debug */ = {
			isa = XCBuildConfiguration;
			baseConfigurationReference = 7FD74E56395A48BA455B0EB7 /* Pods-tChat.debug.xcconfig */;
			buildSettings = {
				ASSETCATALOG_COMPILER_APPICON_NAME = AppIcon;
				CODE_SIGN_STYLE = Automatic;
				DEVELOPMENT_TEAM = T8C5478722;
				INFOPLIST_FILE = tChat/Resources/Info.plist;
				IPHONEOS_DEPLOYMENT_TARGET = 11.0;
				LD_RUNPATH_SEARCH_PATHS = (
					"$(inherited)",
					"@executable_path/Frameworks",
				);
				PRODUCT_BUNDLE_IDENTIFIER = MisterSir.tChat;
				PRODUCT_NAME = "$(TARGET_NAME)";
				SWIFT_VERSION = 5.0;
				TARGETED_DEVICE_FAMILY = 1;
			};
			name = Debug;
		};
		184D2BA9251125C6002D5135 /* Release */ = {
			isa = XCBuildConfiguration;
			baseConfigurationReference = 3787125199D789E1828A9340 /* Pods-tChat.release.xcconfig */;
			buildSettings = {
				ASSETCATALOG_COMPILER_APPICON_NAME = AppIcon;
				CODE_SIGN_STYLE = Automatic;
				DEVELOPMENT_TEAM = T8C5478722;
				INFOPLIST_FILE = tChat/Resources/Info.plist;
				IPHONEOS_DEPLOYMENT_TARGET = 11.0;
				LD_RUNPATH_SEARCH_PATHS = (
					"$(inherited)",
					"@executable_path/Frameworks",
				);
				PRODUCT_BUNDLE_IDENTIFIER = MisterSir.tChat;
				PRODUCT_NAME = "$(TARGET_NAME)";
				SWIFT_VERSION = 5.0;
				TARGETED_DEVICE_FAMILY = 1;
			};
			name = Release;
		};
		184D2BAB251125C6002D5135 /* Debug */ = {
			isa = XCBuildConfiguration;
			buildSettings = {
				ALWAYS_EMBED_SWIFT_STANDARD_LIBRARIES = YES;
				BUNDLE_LOADER = "$(TEST_HOST)";
				CODE_SIGN_STYLE = Automatic;
				DEVELOPMENT_TEAM = T8C5478722;
				INFOPLIST_FILE = tChatTests/Info.plist;
				IPHONEOS_DEPLOYMENT_TARGET = 13.7;
				LD_RUNPATH_SEARCH_PATHS = (
					"$(inherited)",
					"@executable_path/Frameworks",
					"@loader_path/Frameworks",
				);
				PRODUCT_BUNDLE_IDENTIFIER = MisterSir.tChatTests;
				PRODUCT_NAME = "$(TARGET_NAME)";
				SWIFT_VERSION = 5.0;
				TARGETED_DEVICE_FAMILY = "1,2";
				TEST_HOST = "$(BUILT_PRODUCTS_DIR)/tChat.app/tChat";
			};
			name = Debug;
		};
		184D2BAC251125C6002D5135 /* Release */ = {
			isa = XCBuildConfiguration;
			buildSettings = {
				ALWAYS_EMBED_SWIFT_STANDARD_LIBRARIES = YES;
				BUNDLE_LOADER = "$(TEST_HOST)";
				CODE_SIGN_STYLE = Automatic;
				DEVELOPMENT_TEAM = T8C5478722;
				INFOPLIST_FILE = tChatTests/Info.plist;
				IPHONEOS_DEPLOYMENT_TARGET = 13.7;
				LD_RUNPATH_SEARCH_PATHS = (
					"$(inherited)",
					"@executable_path/Frameworks",
					"@loader_path/Frameworks",
				);
				PRODUCT_BUNDLE_IDENTIFIER = MisterSir.tChatTests;
				PRODUCT_NAME = "$(TARGET_NAME)";
				SWIFT_VERSION = 5.0;
				TARGETED_DEVICE_FAMILY = "1,2";
				TEST_HOST = "$(BUILT_PRODUCTS_DIR)/tChat.app/tChat";
			};
			name = Release;
		};
		184D2BAE251125C6002D5135 /* Debug */ = {
			isa = XCBuildConfiguration;
			buildSettings = {
				ALWAYS_EMBED_SWIFT_STANDARD_LIBRARIES = YES;
				CODE_SIGN_STYLE = Automatic;
				DEVELOPMENT_TEAM = T8C5478722;
				INFOPLIST_FILE = tChatUITests/Info.plist;
				LD_RUNPATH_SEARCH_PATHS = (
					"$(inherited)",
					"@executable_path/Frameworks",
					"@loader_path/Frameworks",
				);
				PRODUCT_BUNDLE_IDENTIFIER = MisterSir.tChatUITests;
				PRODUCT_NAME = "$(TARGET_NAME)";
				SWIFT_VERSION = 5.0;
				TARGETED_DEVICE_FAMILY = "1,2";
				TEST_TARGET_NAME = tChat;
			};
			name = Debug;
		};
		184D2BAF251125C6002D5135 /* Release */ = {
			isa = XCBuildConfiguration;
			buildSettings = {
				ALWAYS_EMBED_SWIFT_STANDARD_LIBRARIES = YES;
				CODE_SIGN_STYLE = Automatic;
				DEVELOPMENT_TEAM = T8C5478722;
				INFOPLIST_FILE = tChatUITests/Info.plist;
				LD_RUNPATH_SEARCH_PATHS = (
					"$(inherited)",
					"@executable_path/Frameworks",
					"@loader_path/Frameworks",
				);
				PRODUCT_BUNDLE_IDENTIFIER = MisterSir.tChatUITests;
				PRODUCT_NAME = "$(TARGET_NAME)";
				SWIFT_VERSION = 5.0;
				TARGETED_DEVICE_FAMILY = "1,2";
				TEST_TARGET_NAME = tChat;
			};
			name = Release;
		};
/* End XCBuildConfiguration section */

/* Begin XCConfigurationList section */
		184D2B78251125C2002D5135 /* Build configuration list for PBXProject "tChat" */ = {
			isa = XCConfigurationList;
			buildConfigurations = (
				184D2BA5251125C6002D5135 /* Debug */,
				184D2BA6251125C6002D5135 /* Release */,
			);
			defaultConfigurationIsVisible = 0;
			defaultConfigurationName = Release;
		};
		184D2BA7251125C6002D5135 /* Build configuration list for PBXNativeTarget "tChat" */ = {
			isa = XCConfigurationList;
			buildConfigurations = (
				184D2BA8251125C6002D5135 /* Debug */,
				184D2BA9251125C6002D5135 /* Release */,
			);
			defaultConfigurationIsVisible = 0;
			defaultConfigurationName = Release;
		};
		184D2BAA251125C6002D5135 /* Build configuration list for PBXNativeTarget "tChatTests" */ = {
			isa = XCConfigurationList;
			buildConfigurations = (
				184D2BAB251125C6002D5135 /* Debug */,
				184D2BAC251125C6002D5135 /* Release */,
			);
			defaultConfigurationIsVisible = 0;
			defaultConfigurationName = Release;
		};
		184D2BAD251125C6002D5135 /* Build configuration list for PBXNativeTarget "tChatUITests" */ = {
			isa = XCConfigurationList;
			buildConfigurations = (
				184D2BAE251125C6002D5135 /* Debug */,
				184D2BAF251125C6002D5135 /* Release */,
			);
			defaultConfigurationIsVisible = 0;
			defaultConfigurationName = Release;
		};
/* End XCConfigurationList section */
	};
	rootObject = 184D2B75251125C2002D5135 /* Project object */;
}
